
Microsoft Visual Studio Solution File, Format Version 12.00
Project("{FAE04EC0-301F-11D3-BF4B-00C04F79EFBC}") = "CalculatorFor5class2", "CalculatorFor5class2\CalculatorFor5class2.csproj", "{FDC2CEBB-2345-4942-AF9A-A7E4B0FB8EF6}"
EndProject
Project("{FAE04EC0-301F-11D3-BF4B-00C04F79EFBC}") = "test", "test\test.csproj", "{4D27F06A-AD4B-42C1-BF9A-E3CB3A1F4F70}"
EndProject
Global
	GlobalSection(SolutionConfigurationPlatforms) = preSolution
		Debug|Any CPU = Debug|Any CPU
		Release|Any CPU = Release|Any CPU
	EndGlobalSection
	GlobalSection(ProjectConfigurationPlatforms) = postSolution
		{FDC2CEBB-2345-4942-AF9A-A7E4B0FB8EF6}.Release|Any CPU.ActiveCfg = Release|Any CPU
		{FDC2CEBB-2345-4942-AF9A-A7E4B0FB8EF6}.Release|Any CPU.Build.0 = Release|Any CPU
		{FDC2CEBB-2345-4942-AF9A-A7E4B0FB8EF6}.Debug|Any CPU.ActiveCfg = Release|Any CPU
		{FDC2CEBB-2345-4942-AF9A-A7E4B0FB8EF6}.Debug|Any CPU.Build.0 = Release|Any CPU
		{4D27F06A-AD4B-42C1-BF9A-E3CB3A1F4F70}.Release|Any CPU.ActiveCfg = Release|Any CPU
		{4D27F06A-AD4B-42C1-BF9A-E3CB3A1F4F70}.Release|Any CPU.Build.0 = Release|Any CPU
		{4D27F06A-AD4B-42C1-BF9A-E3CB3A1F4F70}.Debug|Any CPU.ActiveCfg = Release|Any CPU
		{4D27F06A-AD4B-42C1-BF9A-E3CB3A1F4F70}.Debug|Any CPU.Build.0 = Release|Any CPU
	EndGlobalSection
EndGlobal
